{
  "name": "compat-test-typescript-project",
  "version": "0.0.0",
  "lockfileVersion": 3,
  "requires": true,
  "packages": {
    "": {
      "name": "compat-test-typescript-project",
      "version": "0.0.0",
      "dependencies": {
        "@baseel/consent-web-component": "file:../../packages/consent-web-component/baseel-consent-web-component-0.0.1.tgz"
      },
      "devDependencies": {
        "typescript": "^5.4.5"
      }
    },
    "node_modules/@baseel/consent-web-component": {
      "version": "0.0.1",
      "resolved": "file:../../packages/consent-web-component/baseel-consent-web-component-0.0.1.tgz",
      "integrity": "sha512-pMTm/vqo2QQNpXGcJbeClN3CHR13po4QzmGs3iYqtaUCK5v88rsaHdlcvI1QrOG+345zXf5Cp524l/I6ZDN/xQ=="
    },
    "node_modules/typescript": {
      "version": "5.9.3",
      "resolved": "https://registry.npmjs.org/typescript/-/typescript-5.9.3.tgz",
      "integrity": "sha512-jl1vZzPDinLr9eUt3J/t7V6FgNEw9QjvBPdysz9KfQDD41fQrC2Y4vKQdiaUpFT4bXlb1RHhLpp8wtm6M5TgSw==",
      "dev": true,
      "license": "Apache-2.0",
      "bin": {
        "tsc": "bin/tsc",
        "tsserver": "bin/tsserver"
      },
      "engines": {
        "node": ">=14.17"
      }
    }
  }
}
