{
  "name": "vanilla-html-compat-test",
  "version": "0.0.1",
  "lockfileVersion": 3,
  "requires": true,
  "packages": {
    "": {
      "name": "vanilla-html-compat-test",
      "version": "0.0.1",
      "dependencies": {
        "@baseel/consent-web-component": "file:../../packages/consent-web-component/baseel-consent-web-component-0.0.1.tgz"
      }
    },
    "node_modules/@baseel/consent-web-component": {
      "version": "0.0.1",
      "resolved": "file:../../packages/consent-web-component/baseel-consent-web-component-0.0.1.tgz",
      "integrity": "sha512-BefqlpkMzYLntXARLWAm94AW2fFvauHpoBWCWk1oYl61KmZcLnxV/hAkI/jpjJJV1buRiTrPGZfHgysY++8GnA=="
    }
  }
}
